
Microsoft Visual Studio Solution File, Format Version 12.00
# Visual Studio Version 16
VisualStudioVersion = 16.0.31005.135
MinimumVisualStudioVersion = 10.0.40219.1
Project("{FAE04EC0-301F-11D3-BF4B-00C04F79EFBC}") = "API1", "API1\API1.csproj", "{0BEEEC64-C799-46FE-B038-A9C7CBDD911C}"
EndProject
Project("{FAE04EC0-301F-11D3-BF4B-00C04F79EFBC}") = "API2", "API2\API2.csproj", "{9EDC90B6-F6C3-4E04-9F19-D8038365152B}"
EndProject
Global
	GlobalSection(SolutionConfigurationPlatforms) = preSolution
		Debug|Any CPU = Debug|Any CPU
		Release|Any CPU = Release|Any CPU
	EndGlobalSection
	GlobalSection(ProjectConfigurationPlatforms) = postSolution
		{0BEEEC64-C799-46FE-B038-A9C7CBDD911C}.Debug|Any CPU.ActiveCfg = Debug|Any CPU
		{0BEEEC64-C799-46FE-B038-A9C7CBDD911C}.Debug|Any CPU.Build.0 = Debug|Any CPU
		{0BEEEC64-C799-46FE-B038-A9C7CBDD911C}.Release|Any CPU.ActiveCfg = Release|Any CPU
		{0BEEEC64-C799-46FE-B038-A9C7CBDD911C}.Release|Any CPU.Build.0 = Release|Any CPU
		{9EDC90B6-F6C3-4E04-9F19-D8038365152B}.Debug|Any CPU.ActiveCfg = Debug|Any CPU
		{9EDC90B6-F6C3-4E04-9F19-D8038365152B}.Debug|Any CPU.Build.0 = Debug|Any CPU
		{9EDC90B6-F6C3-4E04-9F19-D8038365152B}.Release|Any CPU.ActiveCfg = Release|Any CPU
		{9EDC90B6-F6C3-4E04-9F19-D8038365152B}.Release|Any CPU.Build.0 = Release|Any CPU
	EndGlobalSection
	GlobalSection(SolutionProperties) = preSolution
		HideSolutionNode = FALSE
	EndGlobalSection
	GlobalSection(ExtensibilityGlobals) = postSolution
		SolutionGuid = {5B631E96-031E-439F-B1FA-B79373B0A13F}
	EndGlobalSection
EndGlobal
